// !$*UTF8*$!
{
	archiveVersion = 1;
	classes = {
	};
	objectVersion = 46;
	objects = {

/* Begin PBXBuildFile section */
		A22845DA1CBE4392002602BF /* main.m in Sources */ = {isa = PBXBuildFile; fileRef = A22845D91CBE4392002602BF /* main.m */; };
		A22845DD1CBE4392002602BF /* AppDelegate.m in Sources */ = {isa = PBXBuildFile; fileRef = A22845DC1CBE4392002602BF /* AppDelegate.m */; };
		A22845E01CBE4392002602BF /* ViewController.m in Sources */ = {isa = PBXBuildFile; fileRef = A22845DF1CBE4392002602BF /* ViewController.m */; };
		A22845E31CBE4392002602BF /* Main.storyboard in Resources */ = {isa = PBXBuildFile; fileRef = A22845E11CBE4392002602BF /* Main.storyboard */; };
		A22845E51CBE4392002602BF /* Assets.xcassets in Resources */ = {isa = PBXBuildFile; fileRef = A22845E41CBE4392002602BF /* Assets.xcassets */; };
		A22845E81CBE4392002602BF /* LaunchScreen.storyboard in Resources */ = {isa = PBXBuildFile; fileRef = A22845E61CBE4392002602BF /* LaunchScreen.storyboard */; };
		A22845F31CBE4392002602BF /* RequestFiledViewDemoTests.m in Sources */ = {isa = PBXBuildFile; fileRef = A22845F21CBE4392002602BF /* RequestFiledViewDemoTests.m */; };
		A22845FE1CBE4392002602BF /* RequestFiledViewDemoUITests.m in Sources */ = {isa = PBXBuildFile; fileRef = A22845FD1CBE4392002602BF /* RequestFiledViewDemoUITests.m */; };
/* End PBXBuildFile section */

/* Begin PBXContainerItemProxy section */
		A22845EF1CBE4392002602BF /* PBXContainerItemProxy */ = {
			isa = PBXContainerItemProxy;
			containerPortal = A22845CD1CBE4392002602BF /* Project object */;
			proxyType = 1;
			remoteGlobalIDString = A22845D41CBE4392002602BF;
			remoteInfo = RequestFiledViewDemo;
		};
		A22845FA1CBE4392002602BF /* PBXContainerItemProxy */ = {
			isa = PBXContainerItemProxy;
			containerPortal = A22845CD1CBE4392002602BF /* Project object */;
			proxyType = 1;
			remoteGlobalIDString = A22845D41CBE4392002602BF;
			remoteInfo = RequestFiledViewDemo;
		};
/* End PBXContainerItemProxy section */

/* Begin PBXFileReference section */
		A22845D51CBE4392002602BF /* RequestFiledViewDemo.app */ = {isa = PBXFileReference; explicitFileType = wrapper.application; includeInIndex = 0; path = RequestFiledViewDemo.app; sourceTree = BUILT_PRODUCTS_DIR; };
		A22845D91CBE4392002602BF /* main.m */ = {isa = PBXFileReference; lastKnownFileType = sourcecode.c.objc; path = main.m; sourceTree = "<group>"; };
		A22845DB1CBE4392002602BF /* AppDelegate.h */ = {isa = PBXFileReference; lastKnownFileType = sourcecode.c.h; path = AppDelegate.h; sourceTree = "<group>"; };
		A22845DC1CBE4392002602BF /* AppDelegate.m */ = {isa = PBXFileReference; lastKnownFileType = sourcecode.c.objc; path = AppDelegate.m; sourceTree = "<group>"; };
		A22845DE1CBE4392002602BF /* ViewController.h */ = {isa = PBXFileReference; lastKnownFileType = sourcecode.c.h; path = ViewController.h; sourceTree = "<group>"; };
		A22845DF1CBE4392002602BF /* ViewController.m */ = {isa = PBXFileReference; lastKnownFileType = sourcecode.c.objc; path = ViewController.m; sourceTree = "<group>"; };
		A22845E21CBE4392002602BF /* Base */ = {isa = PBXFileReference; lastKnownFileType = file.storyboard; name = Base; path = Base.lproj/Main.storyboard; sourceTree = "<group>"; };
		A22845E41CBE4392002602BF /* Assets.xcassets */ = {isa = PBXFileReference; lastKnownFileType = folder.assetcatalog; path = Assets.xcassets; sourceTree = "<group>"; };
		A22845E71CBE4392002602BF /* Base */ = {isa = PBXFileReference; lastKnownFileType = file.storyboard; name = Base; path = Base.lproj/LaunchScreen.storyboard; sourceTree = "<group>"; };
		A22845E91CBE4392002602BF /* Info.plist */ = {isa = PBXFileReference; lastKnownFileType = text.plist.xml; path = Info.plist; sourceTree = "<group>"; };
		A22845EE1CBE4392002602BF /* RequestFiledViewDemoTests.xctest */ = {isa = PBXFileReference; explicitFileType = wrapper.cfbundle; includeInIndex = 0; path = RequestFiledViewDemoTests.xctest; sourceTree = BUILT_PRODUCTS_DIR; };
		A22845F21CBE4392002602BF /* RequestFiledViewDemoTests.m */ = {isa = PBXFileReference; lastKnownFileType = sourcecode.c.objc; path = RequestFiledViewDemoTests.m; sourceTree = "<group>"; };
		A22845F41CBE4392002602BF /* Info.plist */ = {isa = PBXFileReference; lastKnownFileType = text.plist.xml; path = Info.plist; sourceTree = "<group>"; };
		A22845F91CBE4392002602BF /* RequestFiledViewDemoUITests.xctest */ = {isa = PBXFileReference; explicitFileType = wrapper.cfbundle; includeInIndex = 0; path = RequestFiledViewDemoUITests.xctest; sourceTree = BUILT_PRODUCTS_DIR; };
		A22845FD1CBE4392002602BF /* RequestFiledViewDemoUITests.m */ = {isa = PBXFileReference; lastKnownFileType = sourcecode.c.objc; path = RequestFiledViewDemoUITests.m; sourceTree = "<group>"; };
		A22845FF1CBE4392002602BF /* Info.plist */ = {isa = PBXFileReference; lastKnownFileType = text.plist.xml; path = Info.plist; sourceTree = "<group>"; };
/* End PBXFileReference section */

/* Begin PBXFrameworksBuildPhase section */
		A22845D21CBE4392002602BF /* Frameworks */ = {
			isa = PBXFrameworksBuildPhase;
			buildActionMask = 2147483647;
			files = (
			);
			runOnlyForDeploymentPostprocessing = 0;
		};
		A22845EB1CBE4392002602BF /* Frameworks */ = {
			isa = PBXFrameworksBuildPhase;
			buildActionMask = 2147483647;
			files = (
			);
			runOnlyForDeploymentPostprocessing = 0;
		};
		A22845F61CBE4392002602BF /* Frameworks */ = {
			isa = PBXFrameworksBuildPhase;
			buildActionMask = 2147483647;
			files = (
			);
			runOnlyForDeploymentPostprocessing = 0;
		};
/* End PBXFrameworksBuildPhase section */

/* Begin PBXGroup section */
		A22845CC1CBE4392002602BF = {
			isa = PBXGroup;
			children = (
				A22845D71CBE4392002602BF /* RequestFiledViewDemo */,
				A22845F11CBE4392002602BF /* RequestFiledViewDemoTests */,
				A22845FC1CBE4392002602BF /* RequestFiledViewDemoUITests */,
				A22845D61CBE4392002602BF /* Products */,
			);
			sourceTree = "<group>";
		};
		A22845D61CBE4392002602BF /* Products */ = {
			isa = PBXGroup;
			children = (
				A22845D51CBE4392002602BF /* RequestFiledViewDemo.app */,
				A22845EE1CBE4392002602BF /* RequestFiledViewDemoTests.xctest */,
				A22845F91CBE4392002602BF /* RequestFiledViewDemoUITests.xctest */,
			);
			name = Products;
			sourceTree = "<group>";
		};
		A22845D71CBE4392002602BF /* RequestFiledViewDemo */ = {
			isa = PBXGroup;
			children = (
				A22845DB1CBE4392002602BF /* AppDelegate.h */,
				A22845DC1CBE4392002602BF /* AppDelegate.m */,
				A22845DE1CBE4392002602BF /* ViewController.h */,
				A22845DF1CBE4392002602BF /* ViewController.m */,
				A22845E11CBE4392002602BF /* Main.storyboard */,
				A22845E41CBE4392002602BF /* Assets.xcassets */,
				A22845E61CBE4392002602BF /* LaunchScreen.storyboard */,
				A22845E91CBE4392002602BF /* Info.plist */,
				A22845D81CBE4392002602BF /* Supporting Files */,
			);
			path = RequestFiledViewDemo;
			sourceTree = "<group>";
		};
		A22845D81CBE4392002602BF /* Supporting Files */ = {
			isa = PBXGroup;
			children = (
				A22845D91CBE4392002602BF /* main.m */,
			);
			name = "Supporting Files";
			sourceTree = "<group>";
		};
		A22845F11CBE4392002602BF /* RequestFiledViewDemoTests */ = {
			isa = PBXGroup;
			children = (
				A22845F21CBE4392002602BF /* RequestFiledViewDemoTests.m */,
				A22845F41CBE4392002602BF /* Info.plist */,
			);
			path = RequestFiledViewDemoTests;
			sourceTree = "<group>";
		};
		A22845FC1CBE4392002602BF /* RequestFiledViewDemoUITests */ = {
			isa = PBXGroup;
			children = (
				A22845FD1CBE4392002602BF /* RequestFiledViewDemoUITests.m */,
				A22845FF1CBE4392002602BF /* Info.plist */,
			);
			path = RequestFiledViewDemoUITests;
			sourceTree = "<group>";
		};
/* End PBXGroup section */

/* Begin PBXNativeTarget section */
		A22845D41CBE4392002602BF /* RequestFiledViewDemo */ = {
			isa = PBXNativeTarget;
			buildConfigurationList = A22846021CBE4392002602BF /* Build configuration list for PBXNativeTarget "RequestFiledViewDemo" */;
			buildPhases = (
				A22845D11CBE4392002602BF /* Sources */,
				A22845D21CBE4392002602BF /* Frameworks */,
				A22845D31CBE4392002602BF /* Resources */,
			);
			buildRules = (
			);
			dependencies = (
			);
			name = RequestFiledViewDemo;
			productName = RequestFiledViewDemo;
			productReference = A22845D51CBE4392002602BF /* RequestFiledViewDemo.app */;
			productType = "com.apple.product-type.application";
		};
		A22845ED1CBE4392002602BF /* RequestFiledViewDemoTests */ = {
			isa = PBXNativeTarget;
			buildConfigurationList = A22846051CBE4392002602BF /* Build configuration list for PBXNativeTarget "RequestFiledViewDemoTests" */;
			buildPhases = (
				A22845EA1CBE4392002602BF /* Sources */,
				A22845EB1CBE4392002602BF /* Frameworks */,
				A22845EC1CBE4392002602BF /* Resources */,
			);
			buildRules = (
			);
			dependencies = (
				A22845F01CBE4392002602BF /* PBXTargetDependency */,
			);
			name = RequestFiledViewDemoTests;
			productName = RequestFiledViewDemoTests;
			productReference = A22845EE1CBE4392002602BF /* RequestFiledViewDemoTests.xctest */;
			productType = "com.apple.product-type.bundle.unit-test";
		};
		A22845F81CBE4392002602BF /* RequestFiledViewDemoUITests */ = {
			isa = PBXNativeTarget;
			buildConfigurationList = A22846081CBE4392002602BF /* Build configuration list for PBXNativeTarget "RequestFiledViewDemoUITests" */;
			buildPhases = (
				A22845F51CBE4392002602BF /* Sources */,
				A22845F61CBE4392002602BF /* Frameworks */,
				A22845F71CBE4392002602BF /* Resources */,
			);
			buildRules = (
			);
			dependencies = (
				A22845FB1CBE4392002602BF /* PBXTargetDependency */,
			);
			name = RequestFiledViewDemoUITests;
			productName = RequestFiledViewDemoUITests;
			productReference = A22845F91CBE4392002602BF /* RequestFiledViewDemoUITests.xctest */;
			productType = "com.apple.product-type.bundle.ui-testing";
		};
/* End PBXNativeTarget section */

/* Begin PBXProject section */
		A22845CD1CBE4392002602BF /* Project object */ = {
			isa = PBXProject;
			attributes = {
				LastUpgradeCheck = 0730;
				ORGANIZATIONNAME = dongjiangpeng;
				TargetAttributes = {
					A22845D41CBE4392002602BF = {
						CreatedOnToolsVersion = 7.3;
						DevelopmentTeam = U37X4645WQ;
					};
					A22845ED1CBE4392002602BF = {
						CreatedOnToolsVersion = 7.3;
						DevelopmentTeam = U37X4645WQ;
						TestTargetID = A22845D41CBE4392002602BF;
					};
					A22845F81CBE4392002602BF = {
						CreatedOnToolsVersion = 7.3;
						DevelopmentTeam = U37X4645WQ;
						TestTargetID = A22845D41CBE4392002602BF;
					};
				};
			};
			buildConfigurationList = A22845D01CBE4392002602BF /* Build configuration list for PBXProject "RequestFiledViewDemo" */;
			compatibilityVersion = "Xcode 3.2";
			developmentRegion = English;
			hasScannedForEncodings = 0;
			knownRegions = (
				en,
				Base,
			);
			mainGroup = A22845CC1CBE4392002602BF;
			productRefGroup = A22845D61CBE4392002602BF /* Products */;
			projectDirPath = "";
			projectRoot = "";
			targets = (
				A22845D41CBE4392002602BF /* RequestFiledViewDemo */,
				A22845ED1CBE4392002602BF /* RequestFiledViewDemoTests */,
				A22845F81CBE4392002602BF /* RequestFiledViewDemoUITests */,
			);
		};
/* End PBXProject section */

/* Begin PBXResourcesBuildPhase section */
		A22845D31CBE4392002602BF /* Resources */ = {
			isa = PBXResourcesBuildPhase;
			buildActionMask = 2147483647;
			files = (
				A22845E81CBE4392002602BF /* LaunchScreen.storyboard in Resources */,
				A22845E51CBE4392002602BF /* Assets.xcassets in Resources */,
				A22845E31CBE4392002602BF /* Main.storyboard in Resources */,
			);
			runOnlyForDeploymentPostprocessing = 0;
		};
		A22845EC1CBE4392002602BF /* Resources */ = {
			isa = PBXResourcesBuildPhase;
			buildActionMask = 2147483647;
			files = (
			);
			runOnlyForDeploymentPostprocessing = 0;
		};
		A22845F71CBE4392002602BF /* Resources */ = {
			isa = PBXResourcesBuildPhase;
			buildActionMask = 2147483647;
			files = (
			);
			runOnlyForDeploymentPostprocessing = 0;
		};
/* End PBXResourcesBuildPhase section */

/* Begin PBXSourcesBuildPhase section */
		A22845D11CBE4392002602BF /* Sources */ = {
			isa = PBXSourcesBuildPhase;
			buildActionMask = 2147483647;
			files = (
				A22845E01CBE4392002602BF /* ViewController.m in Sources */,
				A22845DD1CBE4392002602BF /* AppDelegate.m in Sources */,
				A22845DA1CBE4392002602BF /* main.m in Sources */,
			);
			runOnlyForDeploymentPostprocessing = 0;
		};
		A22845EA1CBE4392002602BF /* Sources */ = {
			isa = PBXSourcesBuildPhase;
			buildActionMask = 2147483647;
			files = (
				A22845F31CBE4392002602BF /* RequestFiledViewDemoTests.m in Sources */,
			);
			runOnlyForDeploymentPostprocessing = 0;
		};
		A22845F51CBE4392002602BF /* Sources */ = {
			isa = PBXSourcesBuildPhase;
			buildActionMask = 2147483647;
			files = (
				A22845FE1CBE4392002602BF /* RequestFiledViewDemoUITests.m in Sources */,
			);
			runOnlyForDeploymentPostprocessing = 0;
		};
/* End PBXSourcesBuildPhase section */

/* Begin PBXTargetDependency section */
		A22845F01CBE4392002602BF /* PBXTargetDependency */ = {
			isa = PBXTargetDependency;
			target = A22845D41CBE4392002602BF /* RequestFiledViewDemo */;
			targetProxy = A22845EF1CBE4392002602BF /* PBXContainerItemProxy */;
		};
		A22845FB1CBE4392002602BF /* PBXTargetDependency */ = {
			isa = PBXTargetDependency;
			target = A22845D41CBE4392002602BF /* RequestFiledViewDemo */;
			targetProxy = A22845FA1CBE4392002602BF /* PBXContainerItemProxy */;
		};
/* End PBXTargetDependency section */

/* Begin PBXVariantGroup section */
		A22845E11CBE4392002602BF /* Main.storyboard */ = {
			isa = PBXVariantGroup;
			children = (
				A22845E21CBE4392002602BF /* Base */,
			);
			name = Main.storyboard;
			sourceTree = "<group>";
		};
		A22845E61CBE4392002602BF /* LaunchScreen.storyboard */ = {
			isa = PBXVariantGroup;
			children = (
				A22845E71CBE4392002602BF /* Base */,
			);
			name = LaunchScreen.storyboard;
			sourceTree = "<group>";
		};
/* End PBXVariantGroup section */

/* Begin XCBuildConfiguration section */
		A22846001CBE4392002602BF /* Debug */ = {
			isa = XCBuildConfiguration;
			buildSettings = {
				ALWAYS_SEARCH_USER_PATHS = NO;
				CLANG_ANALYZER_NONNULL = YES;
				CLANG_CXX_LANGUAGE_STANDARD = "gnu++0x";
				CLANG_CXX_LIBRARY = "libc++";
				CLANG_ENABLE_MODULES = YES;
				CLANG_ENABLE_OBJC_ARC = YES;
				CLANG_WARN_BOOL_CONVERSION = YES;
				CLANG_WARN_CONSTANT_CONVERSION = YES;
				CLANG_WARN_DIRECT_OBJC_ISA_USAGE = YES_ERROR;
				CLANG_WARN_EMPTY_BODY = YES;
				CLANG_WARN_ENUM_CONVERSION = YES;
				CLANG_WARN_INT_CONVERSION = YES;
				CLANG_WARN_OBJC_ROOT_CLASS = YES_ERROR;
				CLANG_WARN_UNREACHABLE_CODE = YES;
				CLANG_WARN__DUPLICATE_METHOD_MATCH = YES;
				"CODE_SIGN_IDENTITY[sdk=iphoneos*]" = "iPhone Developer";
				COPY_PHASE_STRIP = NO;
				DEBUG_INFORMATION_FORMAT = dwarf;
				ENABLE_STRICT_OBJC_MSGSEND = YES;
				ENABLE_TESTABILITY = YES;
				GCC_C_LANGUAGE_STANDARD = gnu99;
				GCC_DYNAMIC_NO_PIC = NO;
				GCC_NO_COMMON_BLOCKS = YES;
				GCC_OPTIMIZATION_LEVEL = 0;
				GCC_PREPROCESSOR_DEFINITIONS = (
					"DEBUG=1",
					"$(inherited)",
				);
				GCC_WARN_64_TO_32_BIT_CONVERSION = YES;
				GCC_WARN_ABOUT_RETURN_TYPE = YES_ERROR;
				GCC_WARN_UNDECLARED_SELECTOR = YES;
				GCC_WARN_UNINITIALIZED_AUTOS = YES_AGGRESSIVE;
				GCC_WARN_UNUSED_FUNCTION = YES;
				GCC_WARN_UNUSED_VARIABLE = YES;
				IPHONEOS_DEPLOYMENT_TARGET = 9.3;
				MTL_ENABLE_DEBUG_INFO = YES;
				ONLY_ACTIVE_ARCH = YES;
				SDKROOT = iphoneos;
				TARGETED_DEVICE_FAMILY = "1,2";
			};
			name = Debug;
		};
		A22846011CBE4392002602BF /* Release */ = {
			isa = XCBuildConfiguration;
			buildSettings = {
				ALWAYS_SEARCH_USER_PATHS = NO;
				CLANG_ANALYZER_NONNULL = YES;
				CLANG_CXX_LANGUAGE_STANDARD = "gnu++0x";
				CLANG_CXX_LIBRARY = "libc++";
				CLANG_ENABLE_MODULES = YES;
				CLANG_ENABLE_OBJC_ARC = YES;
				CLANG_WARN_BOOL_CONVERSION = YES;
				CLANG_WARN_CONSTANT_CONVERSION = YES;
				CLANG_WARN_DIRECT_OBJC_ISA_USAGE = YES_ERROR;
				CLANG_WARN_EMPTY_BODY = YES;
				CLANG_WARN_ENUM_CONVERSION = YES;
				CLANG_WARN_INT_CONVERSION = YES;
				CLANG_WARN_OBJC_ROOT_CLASS = YES_ERROR;
				CLANG_WARN_UNREACHABLE_CODE = YES;
				CLANG_WARN__DUPLICATE_METHOD_MATCH = YES;
				"CODE_SIGN_IDENTITY[sdk=iphoneos*]" = "iPhone Developer";
				COPY_PHASE_STRIP = NO;
				DEBUG_INFORMATION_FORMAT = "dwarf-with-dsym";
				ENABLE_NS_ASSERTIONS = NO;
				ENABLE_STRICT_OBJC_MSGSEND = YES;
				GCC_C_LANGUAGE_STANDARD = gnu99;
				GCC_NO_COMMON_BLOCKS = YES;
				GCC_WARN_64_TO_32_BIT_CONVERSION = YES;
				GCC_WARN_ABOUT_RETURN_TYPE = YES_ERROR;
				GCC_WARN_UNDECLARED_SELECTOR = YES;
				GCC_WARN_UNINITIALIZED_AUTOS = YES_AGGRESSIVE;
				GCC_WARN_UNUSED_FUNCTION = YES;
				GCC_WARN_UNUSED_VARIABLE = YES;
				IPHONEOS_DEPLOYMENT_TARGET = 9.3;
				MTL_ENABLE_DEBUG_INFO = NO;
				SDKROOT = iphoneos;
				TARGETED_DEVICE_FAMILY = "1,2";
				VALIDATE_PRODUCT = YES;
			};
			name = Release;
		};
		A22846031CBE4392002602BF /* Debug */ = {
			isa = XCBuildConfiguration;
			buildSettings = {
				ASSETCATALOG_COMPILER_APPICON_NAME = AppIcon;
				INFOPLIST_FILE = RequestFiledViewDemo/Info.plist;
				LD_RUNPATH_SEARCH_PATHS = "$(inherited) @executable_path/Frameworks";
				PRODUCT_BUNDLE_IDENTIFIER = com.dong.RequestFiledViewDemo;
				PRODUCT_NAME = "$(TARGET_NAME)";
			};
			name = Debug;
		};
		A22846041CBE4392002602BF /* Release */ = {
			isa = XCBuildConfiguration;
			buildSettings = {
				ASSETCATALOG_COMPILER_APPICON_NAME = AppIcon;
				INFOPLIST_FILE = RequestFiledViewDemo/Info.plist;
				LD_RUNPATH_SEARCH_PATHS = "$(inherited) @executable_path/Frameworks";
				PRODUCT_BUNDLE_IDENTIFIER = com.dong.RequestFiledViewDemo;
				PRODUCT_NAME = "$(TARGET_NAME)";
			};
			name = Release;
		};
		A22846061CBE4392002602BF /* Debug */ = {
			isa = XCBuildConfiguration;
			buildSettings = {
				BUNDLE_LOADER = "$(TEST_HOST)";
				INFOPLIST_FILE = RequestFiledViewDemoTests/Info.plist;
				LD_RUNPATH_SEARCH_PATHS = "$(inherited) @executable_path/Frameworks @loader_path/Frameworks";
				PRODUCT_BUNDLE_IDENTIFIER = com.dong.RequestFiledViewDemoTests;
				PRODUCT_NAME = "$(TARGET_NAME)";
				TEST_HOST = "$(BUILT_PRODUCTS_DIR)/RequestFiledViewDemo.app/RequestFiledViewDemo";
			};
			name = Debug;
		};
		A22846071CBE4392002602BF /* Release */ = {
			isa = XCBuildConfiguration;
			buildSettings = {
				BUNDLE_LOADER = "$(TEST_HOST)";
				INFOPLIST_FILE = RequestFiledViewDemoTests/Info.plist;
				LD_RUNPATH_SEARCH_PATHS = "$(inherited) @executable_path/Frameworks @loader_path/Frameworks";
				PRODUCT_BUNDLE_IDENTIFIER = com.dong.RequestFiledViewDemoTests;
				PRODUCT_NAME = "$(TARGET_NAME)";
				TEST_HOST = "$(BUILT_PRODUCTS_DIR)/RequestFiledViewDemo.app/RequestFiledViewDemo";
			};
			name = Release;
		};
		A22846091CBE4392002602BF /* Debug */ = {
			isa = XCBuildConfiguration;
			buildSettings = {
				INFOPLIST_FILE = RequestFiledViewDemoUITests/Info.plist;
				LD_RUNPATH_SEARCH_PATHS = "$(inherited) @executable_path/Frameworks @loader_path/Frameworks";
				PRODUCT_BUNDLE_IDENTIFIER = com.dong.RequestFiledViewDemoUITests;
				PRODUCT_NAME = "$(TARGET_NAME)";
				TEST_TARGET_NAME = RequestFiledViewDemo;
			};
			name = Debug;
		};
		A228460A1CBE4392002602BF /* Release */ = {
			isa = XCBuildConfiguration;
			buildSettings = {
				INFOPLIST_FILE = RequestFiledViewDemoUITests/Info.plist;
				LD_RUNPATH_SEARCH_PATHS = "$(inherited) @executable_path/Frameworks @loader_path/Frameworks";
				PRODUCT_BUNDLE_IDENTIFIER = com.dong.RequestFiledViewDemoUITests;
				PRODUCT_NAME = "$(TARGET_NAME)";
				TEST_TARGET_NAME = RequestFiledViewDemo;
			};
			name = Release;
		};
/* End XCBuildConfiguration section */

/* Begin XCConfigurationList section */
		A22845D01CBE4392002602BF /* Build configuration list for PBXProject "RequestFiledViewDemo" */ = {
			isa = XCConfigurationList;
			buildConfigurations = (
				A22846001CBE4392002602BF /* Debug */,
				A22846011CBE4392002602BF /* Release */,
			);
			defaultConfigurationIsVisible = 0;
			defaultConfigurationName = Release;
		};
		A22846021CBE4392002602BF /* Build configuration list for PBXNativeTarget "RequestFiledViewDemo" */ = {
			isa = XCConfigurationList;
			buildConfigurations = (
				A22846031CBE4392002602BF /* Debug */,
				A22846041CBE4392002602BF /* Release */,
			);
			defaultConfigurationIsVisible = 0;
		};
		A22846051CBE4392002602BF /* Build configuration list for PBXNativeTarget "RequestFiledViewDemoTests" */ = {
			isa = XCConfigurationList;
			buildConfigurations = (
				A22846061CBE4392002602BF /* Debug */,
				A22846071CBE4392002602BF /* Release */,
			);
			defaultConfigurationIsVisible = 0;
		};
		A22846081CBE4392002602BF /* Build configuration list for PBXNativeTarget "RequestFiledViewDemoUITests" */ = {
			isa = XCConfigurationList;
			buildConfigurations = (
				A22846091CBE4392002602BF /* Debug */,
				A228460A1CBE4392002602BF /* Release */,
			);
			defaultConfigurationIsVisible = 0;
		};
/* End XCConfigurationList section */
	};
	rootObject = A22845CD1CBE4392002602BF /* Project object */;
}
